
Microsoft Visual Studio Solution File, Format Version 12.00
# Visual Studio Version 17
VisualStudioVersion = 17.5.002.0
MinimumVisualStudioVersion = 10.0.40219.1
Project("{9A19103F-16F7-4668-BE54-9A1E7A4F7556}") = "FurnitureCityBE", "FurnitureCityBE.csproj", "{5531167D-EE48-4846-B5E9-6B33C4E0939B}"
EndProject
Global
	GlobalSection(SolutionConfigurationPlatforms) = preSolution
		Debug|Any CPU = Debug|Any CPU
		Release|Any CPU = Release|Any CPU
	EndGlobalSection
	GlobalSection(ProjectConfigurationPlatforms) = postSolution
		{5531167D-EE48-4846-B5E9-6B33C4E0939B}.Debug|Any CPU.ActiveCfg = Debug|Any CPU
		{5531167D-EE48-4846-B5E9-6B33C4E0939B}.Debug|Any CPU.Build.0 = Debug|Any CPU
		{5531167D-EE48-4846-B5E9-6B33C4E0939B}.Release|Any CPU.ActiveCfg = Release|Any CPU
		{5531167D-EE48-4846-B5E9-6B33C4E0939B}.Release|Any CPU.Build.0 = Release|Any CPU
	EndGlobalSection
	GlobalSection(SolutionProperties) = preSolution
		HideSolutionNode = FALSE
	EndGlobalSection
	GlobalSection(ExtensibilityGlobals) = postSolution
		SolutionGuid = {A8BBA436-41D4-436E-BA02-E5E739CF71E1}
	EndGlobalSection
EndGlobal
